// !$*UTF8*$!
{
	archiveVersion = 1;
	classes = {
	};
	objectVersion = 63;
	objects = {

/* Begin PBXBuildFile section */
		08353FE18F7CBFE9F8464565 /* ExposureProfileView.swift in Sources */ = {isa = PBXBuildFile; fileRef = 58FBEB79588416B19C9FC550 /* ExposureProfileView.swift */; };
		0B7FED6590189AE4DD78E2EC /* AppColors.swift in Sources */ = {isa = PBXBuildFile; fileRef = 9AD8E2163215727E333C28F4 /* AppColors.swift */; };
		0E1F33A1B9B5784E3EFDF7F1 /* StatusChipView.swift in Sources */ = {isa = PBXBuildFile; fileRef = C3DB9FF030EBB23DFE9092CB /* StatusChipView.swift */; };
		0EAAC52D3D7E42CB9F08BA88 /* GradientBackgrounds.swift in Sources */ = {isa = PBXBuildFile; fileRef = 8C8BD3D4A91940B2033E60BB /* GradientBackgrounds.swift */; };
		18D90F7DC291F0F2EAD07ABB /* SettingsViewModel.swift in Sources */ = {isa = PBXBuildFile; fileRef = FEFB7FFA9292DC15DD6EA385 /* SettingsViewModel.swift */; };
		18E5AE2362FC1EA7588B4DEC /* SettingsView.swift in Sources */ = {isa = PBXBuildFile; fileRef = 20F2D9096E54D7BD5CE43BBF /* SettingsView.swift */; };
		19B5E4F97B2208D8A090E30B /* StatCardView.swift in Sources */ = {isa = PBXBuildFile; fileRef = 41E4482B90FB7346DBE9BE64 /* StatCardView.swift */; };
		1E2C6AA6092F72FDB6072E87 /* WeeklyDigestView.swift in Sources */ = {isa = PBXBuildFile; fileRef = 9D6DAAF1871BC905B1781E7C /* WeeklyDigestView.swift */; };
		2CDE7D7FE95A5D7B10E29FB1 /* TodayViewModel.swift in Sources */ = {isa = PBXBuildFile; fileRef = 6D939B12A96F27AE0211D0CE /* TodayViewModel.swift */; };
		2D23A9CD3844D4DD1DE110D2 /* ExposureSample.swift in Sources */ = {isa = PBXBuildFile; fileRef = 98528FE0A97998293CA966A1 /* ExposureSample.swift */; };
		30948C282180AC7194A956C6 /* SafeListeningScore.swift in Sources */ = {isa = PBXBuildFile; fileRef = 07F37044A645CDD3D437E8AA /* SafeListeningScore.swift */; };
		32ABE150DE93F54E40396279 /* TrendsView.swift in Sources */ = {isa = PBXBuildFile; fileRef = 48E5C9E615FE968E76CD637E /* TrendsView.swift */; };
		347F4446B21E5A60E9A1C554 /* WeeklyDigestScheduler.swift in Sources */ = {isa = PBXBuildFile; fileRef = F71A034571C38956BC9F6F3B /* WeeklyDigestScheduler.swift */; };
		3861FA0B56B3156C5AFF895F /* GlassDoseRingView.swift in Sources */ = {isa = PBXBuildFile; fileRef = 770456F3E3E4217D595CBA9D /* GlassDoseRingView.swift */; };
		3C51924C406661D7D7F4391E /* DoseCalculator.swift in Sources */ = {isa = PBXBuildFile; fileRef = 16CE928754EE15E942996CCE /* DoseCalculator.swift */; };
		451B1C52D7B9CAB4B2E99B9F /* ExposureStatus.swift in Sources */ = {isa = PBXBuildFile; fileRef = 39DA2348D3929C749741EEFA /* ExposureStatus.swift */; };
		4820A222056FEC1E162B973B /* LiveRiskIndicator.swift in Sources */ = {isa = PBXBuildFile; fileRef = 03C3D78DC437A40F86AFD70C /* LiveRiskIndicator.swift */; };
		4BE77E4C6FD457446465371D /* HealthKitSyncService.swift in Sources */ = {isa = PBXBuildFile; fileRef = 9B5907D0C3ADD4811E9CD3B9 /* HealthKitSyncService.swift */; };
		4C520FC757A48AADE9D860C1 /* DoseRingView.swift in Sources */ = {isa = PBXBuildFile; fileRef = 4355708259032B4712071B99 /* DoseRingView.swift */; };
		4FB070A38FFB583B9DBB8366 /* HearingWidget.swift in Sources */ = {isa = PBXBuildFile; fileRef = AAF0298DC81DF63C04B8C2C8 /* HearingWidget.swift */; };
		5405F7243C3977AE1E206302 /* AppState.swift in Sources */ = {isa = PBXBuildFile; fileRef = F405CCB0287EFFDBEE763ADE /* AppState.swift */; };
		57491489B9A79DDF9A658920 /* ContentView.swift in Sources */ = {isa = PBXBuildFile; fileRef = 24D670A5D5411DC980DF173C /* ContentView.swift */; };
		5A89FE16AC724C029810370D /* DoseCalculatorTests.swift in Sources */ = {isa = PBXBuildFile; fileRef = 1D2EBB3B1ADFDA0E199F2E93 /* DoseCalculatorTests.swift */; };
		6463B3D60AF759D9A4431067 /* ExposureEvent.swift in Sources */ = {isa = PBXBuildFile; fileRef = 3A57133DA2A06ED7F6D10917 /* ExposureEvent.swift */; };
		6B091C9EFB559F33E42DB685 /* AccuracyInfoView.swift in Sources */ = {isa = PBXBuildFile; fileRef = E406A0818BA9862ED49B95A8 /* AccuracyInfoView.swift */; };
		6BB1522FF991EED290BE7DD2 /* AppTypography.swift in Sources */ = {isa = PBXBuildFile; fileRef = 32EAD9EDC75B660912D45BF5 /* AppTypography.swift */; };
		6CF1179155ABA1A5E37377EB /* SessionSummaryCard.swift in Sources */ = {isa = PBXBuildFile; fileRef = 60D986AA797ECE1B237852A2 /* SessionSummaryCard.swift */; };
		6E6DA034FBB7837F7B31E40A /* NotificationService.swift in Sources */ = {isa = PBXBuildFile; fileRef = C184A51A52908A8FEEBC4B77 /* NotificationService.swift */; };
		86075FE8892D07B7B784D6B4 /* WidgetTimelineProvider.swift in Sources */ = {isa = PBXBuildFile; fileRef = 8CE7E22BE86A0202927CB343 /* WidgetTimelineProvider.swift */; };
		861B041ACB0C8DAE0CFD73E8 /* TodayView.swift in Sources */ = {isa = PBXBuildFile; fileRef = 12881A8C58A345F5FBBF6922 /* TodayView.swift */; };
		87DB2098C52DCA80845B910F /* PersonalizedThreshold.swift in Sources */ = {isa = PBXBuildFile; fileRef = 7466C0DFB0EE43BF5302DAF2 /* PersonalizedThreshold.swift */; };
		9881389BB29D28C921AE0B0A /* HealthKitService.swift in Sources */ = {isa = PBXBuildFile; fileRef = 00C3F8764CC2CAB332FA5334 /* HealthKitService.swift */; };
		9E70B3114D6C0954CA771926 /* HearingWidget.appex in Embed Foundation Extensions */ = {isa = PBXBuildFile; fileRef = 7231F1D074734C71FB267244 /* HearingWidget.appex */; settings = {ATTRIBUTES = (RemoveHeadersOnCopy, ); }; };
		A0E62A2D669DAE56CF673B4C /* UserSettings.swift in Sources */ = {isa = PBXBuildFile; fileRef = 9749EA206DBC2DCE8BB99182 /* UserSettings.swift */; };
		A7FDB557D5454BCCA1725A22 /* ActionableNotificationBuilder.swift in Sources */ = {isa = PBXBuildFile; fileRef = 2116912DE4E32175FE7C3BD0 /* ActionableNotificationBuilder.swift */; };
		BB125422BAE1CF759E3D416C /* PersonalizationService.swift in Sources */ = {isa = PBXBuildFile; fileRef = 684A1E64799FEA3CED155E38 /* PersonalizationService.swift */; };
		BC1EF6A70F5635BF4C77BB82 /* WeeklyDigest.swift in Sources */ = {isa = PBXBuildFile; fileRef = AFDF7B7FC7BAA3FDCDD0A433 /* WeeklyDigest.swift */; };
		CCBB7C3605D7BB3EFFAD7060 /* HearingAppApp.swift in Sources */ = {isa = PBXBuildFile; fileRef = CEFE7AD49BF1D4C35E337ACE /* HearingAppApp.swift */; };
		CD0A5AEB6953DE58AC50C442 /* AlertBanner.swift in Sources */ = {isa = PBXBuildFile; fileRef = 808DE2021CE26DC0FDD5E364 /* AlertBanner.swift */; };
		CEACB4A48EFB17C0165C9343 /* DoseRingWidgetView.swift in Sources */ = {isa = PBXBuildFile; fileRef = 2BF202FAED2175A21DD16773 /* DoseRingWidgetView.swift */; };
		CED1021BDB1DFCBD7D499182 /* QuickActionsCard.swift in Sources */ = {isa = PBXBuildFile; fileRef = 8E1709E074E090635BE4E0DB /* QuickActionsCard.swift */; };
		D3B9E567917CD8870806A7B9 /* SyncState.swift in Sources */ = {isa = PBXBuildFile; fileRef = 7CF69F9AA6A1CCD24090AF71 /* SyncState.swift */; };
		D8692817720C2EBCEF1634B3 /* GlassCard.swift in Sources */ = {isa = PBXBuildFile; fileRef = 7886996FCE402776FC89A3DE /* GlassCard.swift */; };
		E860DE434906FE5BC18332CB /* PrivacyDetailView.swift in Sources */ = {isa = PBXBuildFile; fileRef = A31DD3921C0672EB75424375 /* PrivacyDetailView.swift */; };
		EA285BF5E7B2E58CAA5594ED /* AnimationTokens.swift in Sources */ = {isa = PBXBuildFile; fileRef = B229AB810166929A6D331FF3 /* AnimationTokens.swift */; };
		F02B3C6DCB27DDB312559D6E /* TrendsViewModel.swift in Sources */ = {isa = PBXBuildFile; fileRef = 9A21D6A72AB54A13C5E301CF /* TrendsViewModel.swift */; };
		F61C40BC671B73CC0EF9E6F0 /* DailyDose.swift in Sources */ = {isa = PBXBuildFile; fileRef = 8663D28C2C64130B7E891104 /* DailyDose.swift */; };
		F7EA09DBEABAF3451E4096A8 /* OnboardingView.swift in Sources */ = {isa = PBXBuildFile; fileRef = 2AFE0F25AD6371F638580193 /* OnboardingView.swift */; };
/* End PBXBuildFile section */

/* Begin PBXContainerItemProxy section */
		391C8B86C01A47945FD71FBF /* PBXContainerItemProxy */ = {
			isa = PBXContainerItemProxy;
			containerPortal = 387E2884CB85D631E88A2074 /* Project object */;
			proxyType = 1;
			remoteGlobalIDString = E306A70F3768D1D2D505CA90;
			remoteInfo = HearingWidget;
		};
		F999E2F8AD9201F598746E94 /* PBXContainerItemProxy */ = {
			isa = PBXContainerItemProxy;
			containerPortal = 387E2884CB85D631E88A2074 /* Project object */;
			proxyType = 1;
			remoteGlobalIDString = DDD208FD1A324ACC8D796458;
			remoteInfo = HearingApp;
		};
/* End PBXContainerItemProxy section */

/* Begin PBXCopyFilesBuildPhase section */
		AEAAE002A3B3723C5CEB9C53 /* Embed Foundation Extensions */ = {
			isa = PBXCopyFilesBuildPhase;
			buildActionMask = 2147483647;
			dstPath = "";
			dstSubfolderSpec = 13;
			files = (
				9E70B3114D6C0954CA771926 /* HearingWidget.appex in Embed Foundation Extensions */,
			);
			name = "Embed Foundation Extensions";
			runOnlyForDeploymentPostprocessing = 0;
		};
/* End PBXCopyFilesBuildPhase section */

/* Begin PBXFileReference section */
		00C3F8764CC2CAB332FA5334 /* HealthKitService.swift */ = {isa = PBXFileReference; lastKnownFileType = sourcecode.swift; path = HealthKitService.swift; sourceTree = "<group>"; };
		03C3D78DC437A40F86AFD70C /* LiveRiskIndicator.swift */ = {isa = PBXFileReference; lastKnownFileType = sourcecode.swift; path = LiveRiskIndicator.swift; sourceTree = "<group>"; };
		07F37044A645CDD3D437E8AA /* SafeListeningScore.swift */ = {isa = PBXFileReference; lastKnownFileType = sourcecode.swift; path = SafeListeningScore.swift; sourceTree = "<group>"; };
		12881A8C58A345F5FBBF6922 /* TodayView.swift */ = {isa = PBXFileReference; lastKnownFileType = sourcecode.swift; path = TodayView.swift; sourceTree = "<group>"; };
		16CE928754EE15E942996CCE /* DoseCalculator.swift */ = {isa = PBXFileReference; lastKnownFileType = sourcecode.swift; path = DoseCalculator.swift; sourceTree = "<group>"; };
		1D2EBB3B1ADFDA0E199F2E93 /* DoseCalculatorTests.swift */ = {isa = PBXFileReference; lastKnownFileType = sourcecode.swift; path = DoseCalculatorTests.swift; sourceTree = "<group>"; };
		20F2D9096E54D7BD5CE43BBF /* SettingsView.swift */ = {isa = PBXFileReference; lastKnownFileType = sourcecode.swift; path = SettingsView.swift; sourceTree = "<group>"; };
		2116912DE4E32175FE7C3BD0 /* ActionableNotificationBuilder.swift */ = {isa = PBXFileReference; lastKnownFileType = sourcecode.swift; path = ActionableNotificationBuilder.swift; sourceTree = "<group>"; };
		24D670A5D5411DC980DF173C /* ContentView.swift */ = {isa = PBXFileReference; lastKnownFileType = sourcecode.swift; path = ContentView.swift; sourceTree = "<group>"; };
		2AFE0F25AD6371F638580193 /* OnboardingView.swift */ = {isa = PBXFileReference; lastKnownFileType = sourcecode.swift; path = OnboardingView.swift; sourceTree = "<group>"; };
		2BF202FAED2175A21DD16773 /* DoseRingWidgetView.swift */ = {isa = PBXFileReference; lastKnownFileType = sourcecode.swift; path = DoseRingWidgetView.swift; sourceTree = "<group>"; };
		32EAD9EDC75B660912D45BF5 /* AppTypography.swift */ = {isa = PBXFileReference; lastKnownFileType = sourcecode.swift; path = AppTypography.swift; sourceTree = "<group>"; };
		39DA2348D3929C749741EEFA /* ExposureStatus.swift */ = {isa = PBXFileReference; lastKnownFileType = sourcecode.swift; path = ExposureStatus.swift; sourceTree = "<group>"; };
		3A57133DA2A06ED7F6D10917 /* ExposureEvent.swift */ = {isa = PBXFileReference; lastKnownFileType = sourcecode.swift; path = ExposureEvent.swift; sourceTree = "<group>"; };
		3B862465FE4EA7EFF0B43806 /* HearingApp.app */ = {isa = PBXFileReference; explicitFileType = wrapper.application; includeInIndex = 0; path = HearingApp.app; sourceTree = BUILT_PRODUCTS_DIR; };
		41E4482B90FB7346DBE9BE64 /* StatCardView.swift */ = {isa = PBXFileReference; lastKnownFileType = sourcecode.swift; path = StatCardView.swift; sourceTree = "<group>"; };
		4355708259032B4712071B99 /* DoseRingView.swift */ = {isa = PBXFileReference; lastKnownFileType = sourcecode.swift; path = DoseRingView.swift; sourceTree = "<group>"; };
		48E5C9E615FE968E76CD637E /* TrendsView.swift */ = {isa = PBXFileReference; lastKnownFileType = sourcecode.swift; path = TrendsView.swift; sourceTree = "<group>"; };
		5848620A2A290A3CC164B4D1 /* Info.plist */ = {isa = PBXFileReference; lastKnownFileType = text.plist; path = Info.plist; sourceTree = "<group>"; };
		58FBEB79588416B19C9FC550 /* ExposureProfileView.swift */ = {isa = PBXFileReference; lastKnownFileType = sourcecode.swift; path = ExposureProfileView.swift; sourceTree = "<group>"; };
		60D986AA797ECE1B237852A2 /* SessionSummaryCard.swift */ = {isa = PBXFileReference; lastKnownFileType = sourcecode.swift; path = SessionSummaryCard.swift; sourceTree = "<group>"; };
		684A1E64799FEA3CED155E38 /* PersonalizationService.swift */ = {isa = PBXFileReference; lastKnownFileType = sourcecode.swift; path = PersonalizationService.swift; sourceTree = "<group>"; };
		6D939B12A96F27AE0211D0CE /* TodayViewModel.swift */ = {isa = PBXFileReference; lastKnownFileType = sourcecode.swift; path = TodayViewModel.swift; sourceTree = "<group>"; };
		7231F1D074734C71FB267244 /* HearingWidget.appex */ = {isa = PBXFileReference; explicitFileType = "wrapper.app-extension"; includeInIndex = 0; path = HearingWidget.appex; sourceTree = BUILT_PRODUCTS_DIR; };
		7466C0DFB0EE43BF5302DAF2 /* PersonalizedThreshold.swift */ = {isa = PBXFileReference; lastKnownFileType = sourcecode.swift; path = PersonalizedThreshold.swift; sourceTree = "<group>"; };
		770456F3E3E4217D595CBA9D /* GlassDoseRingView.swift */ = {isa = PBXFileReference; lastKnownFileType = sourcecode.swift; path = GlassDoseRingView.swift; sourceTree = "<group>"; };
		7886996FCE402776FC89A3DE /* GlassCard.swift */ = {isa = PBXFileReference; lastKnownFileType = sourcecode.swift; path = GlassCard.swift; sourceTree = "<group>"; };
		7CF69F9AA6A1CCD24090AF71 /* SyncState.swift */ = {isa = PBXFileReference; lastKnownFileType = sourcecode.swift; path = SyncState.swift; sourceTree = "<group>"; };
		808DE2021CE26DC0FDD5E364 /* AlertBanner.swift */ = {isa = PBXFileReference; lastKnownFileType = sourcecode.swift; path = AlertBanner.swift; sourceTree = "<group>"; };
		8663D28C2C64130B7E891104 /* DailyDose.swift */ = {isa = PBXFileReference; lastKnownFileType = sourcecode.swift; path = DailyDose.swift; sourceTree = "<group>"; };
		8C8BD3D4A91940B2033E60BB /* GradientBackgrounds.swift */ = {isa = PBXFileReference; lastKnownFileType = sourcecode.swift; path = GradientBackgrounds.swift; sourceTree = "<group>"; };
		8CE7E22BE86A0202927CB343 /* WidgetTimelineProvider.swift */ = {isa = PBXFileReference; lastKnownFileType = sourcecode.swift; path = WidgetTimelineProvider.swift; sourceTree = "<group>"; };
		8E1709E074E090635BE4E0DB /* QuickActionsCard.swift */ = {isa = PBXFileReference; lastKnownFileType = sourcecode.swift; path = QuickActionsCard.swift; sourceTree = "<group>"; };
		9749EA206DBC2DCE8BB99182 /* UserSettings.swift */ = {isa = PBXFileReference; lastKnownFileType = sourcecode.swift; path = UserSettings.swift; sourceTree = "<group>"; };
		98528FE0A97998293CA966A1 /* ExposureSample.swift */ = {isa = PBXFileReference; lastKnownFileType = sourcecode.swift; path = ExposureSample.swift; sourceTree = "<group>"; };
		9A21D6A72AB54A13C5E301CF /* TrendsViewModel.swift */ = {isa = PBXFileReference; lastKnownFileType = sourcecode.swift; path = TrendsViewModel.swift; sourceTree = "<group>"; };
		9AD8E2163215727E333C28F4 /* AppColors.swift */ = {isa = PBXFileReference; lastKnownFileType = sourcecode.swift; path = AppColors.swift; sourceTree = "<group>"; };
		9B5907D0C3ADD4811E9CD3B9 /* HealthKitSyncService.swift */ = {isa = PBXFileReference; lastKnownFileType = sourcecode.swift; path = HealthKitSyncService.swift; sourceTree = "<group>"; };
		9D6DAAF1871BC905B1781E7C /* WeeklyDigestView.swift */ = {isa = PBXFileReference; lastKnownFileType = sourcecode.swift; path = WeeklyDigestView.swift; sourceTree = "<group>"; };
		A31DD3921C0672EB75424375 /* PrivacyDetailView.swift */ = {isa = PBXFileReference; lastKnownFileType = sourcecode.swift; path = PrivacyDetailView.swift; sourceTree = "<group>"; };
		AAF0298DC81DF63C04B8C2C8 /* HearingWidget.swift */ = {isa = PBXFileReference; lastKnownFileType = sourcecode.swift; path = HearingWidget.swift; sourceTree = "<group>"; };
		AF9D8A62CFE791C3E5057F8F /* Info.plist */ = {isa = PBXFileReference; lastKnownFileType = text.plist; path = Info.plist; sourceTree = "<group>"; };
		AFDF7B7FC7BAA3FDCDD0A433 /* WeeklyDigest.swift */ = {isa = PBXFileReference; lastKnownFileType = sourcecode.swift; path = WeeklyDigest.swift; sourceTree = "<group>"; };
		B229AB810166929A6D331FF3 /* AnimationTokens.swift */ = {isa = PBXFileReference; lastKnownFileType = sourcecode.swift; path = AnimationTokens.swift; sourceTree = "<group>"; };
		C184A51A52908A8FEEBC4B77 /* NotificationService.swift */ = {isa = PBXFileReference; lastKnownFileType = sourcecode.swift; path = NotificationService.swift; sourceTree = "<group>"; };
		C3DB9FF030EBB23DFE9092CB /* StatusChipView.swift */ = {isa = PBXFileReference; lastKnownFileType = sourcecode.swift; path = StatusChipView.swift; sourceTree = "<group>"; };
		CE4F6A32B2F064961ACB8A9A /* HearingWidget.entitlements */ = {isa = PBXFileReference; lastKnownFileType = text.plist.entitlements; path = HearingWidget.entitlements; sourceTree = "<group>"; };
		CEFE7AD49BF1D4C35E337ACE /* HearingAppApp.swift */ = {isa = PBXFileReference; lastKnownFileType = sourcecode.swift; path = HearingAppApp.swift; sourceTree = "<group>"; };
		E3E3B2FAE2B89BEB491A4D36 /* HearingAppTests.xctest */ = {isa = PBXFileReference; includeInIndex = 0; lastKnownFileType = wrapper.cfbundle; path = HearingAppTests.xctest; sourceTree = BUILT_PRODUCTS_DIR; };
		E406A0818BA9862ED49B95A8 /* AccuracyInfoView.swift */ = {isa = PBXFileReference; lastKnownFileType = sourcecode.swift; path = AccuracyInfoView.swift; sourceTree = "<group>"; };
		F405CCB0287EFFDBEE763ADE /* AppState.swift */ = {isa = PBXFileReference; lastKnownFileType = sourcecode.swift; path = AppState.swift; sourceTree = "<group>"; };
		F71A034571C38956BC9F6F3B /* WeeklyDigestScheduler.swift */ = {isa = PBXFileReference; lastKnownFileType = sourcecode.swift; path = WeeklyDigestScheduler.swift; sourceTree = "<group>"; };
		FB2CB0ECDF7CA98F4ECC3C2A /* HearingApp.entitlements */ = {isa = PBXFileReference; lastKnownFileType = text.plist.entitlements; path = HearingApp.entitlements; sourceTree = "<group>"; };
		FEFB7FFA9292DC15DD6EA385 /* SettingsViewModel.swift */ = {isa = PBXFileReference; lastKnownFileType = sourcecode.swift; path = SettingsViewModel.swift; sourceTree = "<group>"; };
/* End PBXFileReference section */

/* Begin PBXGroup section */
		08CB6330062C95ED70A5685E /* Storage */ = {
			isa = PBXGroup;
			children = (
				8663D28C2C64130B7E891104 /* DailyDose.swift */,
				3A57133DA2A06ED7F6D10917 /* ExposureEvent.swift */,
				98528FE0A97998293CA966A1 /* ExposureSample.swift */,
				7466C0DFB0EE43BF5302DAF2 /* PersonalizedThreshold.swift */,
				7CF69F9AA6A1CCD24090AF71 /* SyncState.swift */,
				9749EA206DBC2DCE8BB99182 /* UserSettings.swift */,
				AFDF7B7FC7BAA3FDCDD0A433 /* WeeklyDigest.swift */,
			);
			path = Storage;
			sourceTree = "<group>";
		};
		0AE8E25B11A352BA2ABC1A37 /* DesignSystem */ = {
			isa = PBXGroup;
			children = (
				9AD8E2163215727E333C28F4 /* AppColors.swift */,
				32EAD9EDC75B660912D45BF5 /* AppTypography.swift */,
				A374677C81A120DA31324709 /* Components */,
				BF0A47419D65F744C8D6D578 /* Glass */,
			);
			path = DesignSystem;
			sourceTree = "<group>";
		};
		229052668179CE90ACFFCFBE /* HearingWidget */ = {
			isa = PBXGroup;
			children = (
				2BF202FAED2175A21DD16773 /* DoseRingWidgetView.swift */,
				CE4F6A32B2F064961ACB8A9A /* HearingWidget.entitlements */,
				AAF0298DC81DF63C04B8C2C8 /* HearingWidget.swift */,
				AF9D8A62CFE791C3E5057F8F /* Info.plist */,
				8CE7E22BE86A0202927CB343 /* WidgetTimelineProvider.swift */,
			);
			path = HearingWidget;
			sourceTree = "<group>";
		};
		28684D336E5AE380CB08703C /* Digest */ = {
			isa = PBXGroup;
			children = (
				9D6DAAF1871BC905B1781E7C /* WeeklyDigestView.swift */,
			);
			path = Digest;
			sourceTree = "<group>";
		};
		375FEB797F49B5ECD408D237 /* Settings */ = {
			isa = PBXGroup;
			children = (
				E406A0818BA9862ED49B95A8 /* AccuracyInfoView.swift */,
				A31DD3921C0672EB75424375 /* PrivacyDetailView.swift */,
				20F2D9096E54D7BD5CE43BBF /* SettingsView.swift */,
				FEFB7FFA9292DC15DD6EA385 /* SettingsViewModel.swift */,
			);
			path = Settings;
			sourceTree = "<group>";
		};
		473C731EBEF88DB6AC6A3AEC /* Player */ = {
			isa = PBXGroup;
			children = (
			);
			path = Player;
			sourceTree = "<group>";
		};
		6015F84D2A8676DA079CE36B /* Notifications */ = {
			isa = PBXGroup;
			children = (
				2116912DE4E32175FE7C3BD0 /* ActionableNotificationBuilder.swift */,
				C184A51A52908A8FEEBC4B77 /* NotificationService.swift */,
				F71A034571C38956BC9F6F3B /* WeeklyDigestScheduler.swift */,
			);
			path = Notifications;
			sourceTree = "<group>";
		};
		704474F4BD083225B1DF3DC4 /* Onboarding */ = {
			isa = PBXGroup;
			children = (
				2AFE0F25AD6371F638580193 /* OnboardingView.swift */,
			);
			path = Onboarding;
			sourceTree = "<group>";
		};
		77228500E05F32B0EC7BEEB3 /* Today */ = {
			isa = PBXGroup;
			children = (
				58FBEB79588416B19C9FC550 /* ExposureProfileView.swift */,
				12881A8C58A345F5FBBF6922 /* TodayView.swift */,
				6D939B12A96F27AE0211D0CE /* TodayViewModel.swift */,
			);
			path = Today;
			sourceTree = "<group>";
		};
		837E050B16265FBB5EA36E68 /* HearingApp */ = {
			isa = PBXGroup;
			children = (
				D509895A0E07B2BADFD552D4 /* App */,
				0AE8E25B11A352BA2ABC1A37 /* DesignSystem */,
				E468890E1524C02AA387DBE1 /* Features */,
				AAB86F409C71496AB73CB715 /* Resources */,
				F90D3525458388379BA35520 /* Services */,
				08CB6330062C95ED70A5685E /* Storage */,
			);
			path = HearingApp;
			sourceTree = "<group>";
		};
		9047EE4E87D70539CD7FF748 /* Personalization */ = {
			isa = PBXGroup;
			children = (
				684A1E64799FEA3CED155E38 /* PersonalizationService.swift */,
			);
			path = Personalization;
			sourceTree = "<group>";
		};
		9C9EEEAECB96BB685E08F6D2 /* HealthKit */ = {
			isa = PBXGroup;
			children = (
				00C3F8764CC2CAB332FA5334 /* HealthKitService.swift */,
				9B5907D0C3ADD4811E9CD3B9 /* HealthKitSyncService.swift */,
			);
			path = HealthKit;
			sourceTree = "<group>";
		};
		A374677C81A120DA31324709 /* Components */ = {
			isa = PBXGroup;
			children = (
				808DE2021CE26DC0FDD5E364 /* AlertBanner.swift */,
				4355708259032B4712071B99 /* DoseRingView.swift */,
				770456F3E3E4217D595CBA9D /* GlassDoseRingView.swift */,
				03C3D78DC437A40F86AFD70C /* LiveRiskIndicator.swift */,
				8E1709E074E090635BE4E0DB /* QuickActionsCard.swift */,
				07F37044A645CDD3D437E8AA /* SafeListeningScore.swift */,
				60D986AA797ECE1B237852A2 /* SessionSummaryCard.swift */,
				41E4482B90FB7346DBE9BE64 /* StatCardView.swift */,
				C3DB9FF030EBB23DFE9092CB /* StatusChipView.swift */,
			);
			path = Components;
			sourceTree = "<group>";
		};
		AAB86F409C71496AB73CB715 /* Resources */ = {
			isa = PBXGroup;
			children = (
				FB2CB0ECDF7CA98F4ECC3C2A /* HearingApp.entitlements */,
				5848620A2A290A3CC164B4D1 /* Info.plist */,
			);
			path = Resources;
			sourceTree = "<group>";
		};
		BF0A47419D65F744C8D6D578 /* Glass */ = {
			isa = PBXGroup;
			children = (
				B229AB810166929A6D331FF3 /* AnimationTokens.swift */,
				7886996FCE402776FC89A3DE /* GlassCard.swift */,
				8C8BD3D4A91940B2033E60BB /* GradientBackgrounds.swift */,
			);
			path = Glass;
			sourceTree = "<group>";
		};
		C07DDB1A5AAE410FCFD0F7C3 /* HearingAppTests */ = {
			isa = PBXGroup;
			children = (
				1D2EBB3B1ADFDA0E199F2E93 /* DoseCalculatorTests.swift */,
			);
			path = HearingAppTests;
			sourceTree = "<group>";
		};
		D509895A0E07B2BADFD552D4 /* App */ = {
			isa = PBXGroup;
			children = (
				F405CCB0287EFFDBEE763ADE /* AppState.swift */,
				24D670A5D5411DC980DF173C /* ContentView.swift */,
				39DA2348D3929C749741EEFA /* ExposureStatus.swift */,
				CEFE7AD49BF1D4C35E337ACE /* HearingAppApp.swift */,
			);
			path = App;
			sourceTree = "<group>";
		};
		E388CC55F837AB00E7C08B3F /* Products */ = {
			isa = PBXGroup;
			children = (
				3B862465FE4EA7EFF0B43806 /* HearingApp.app */,
				E3E3B2FAE2B89BEB491A4D36 /* HearingAppTests.xctest */,
				7231F1D074734C71FB267244 /* HearingWidget.appex */,
			);
			name = Products;
			sourceTree = "<group>";
		};
		E468890E1524C02AA387DBE1 /* Features */ = {
			isa = PBXGroup;
			children = (
				28684D336E5AE380CB08703C /* Digest */,
				704474F4BD083225B1DF3DC4 /* Onboarding */,
				473C731EBEF88DB6AC6A3AEC /* Player */,
				375FEB797F49B5ECD408D237 /* Settings */,
				77228500E05F32B0EC7BEEB3 /* Today */,
				F73A67591BF9A288FE9E5885 /* Trends */,
			);
			path = Features;
			sourceTree = "<group>";
		};
		EA0715430C56CE42B9728BD6 /* Dose */ = {
			isa = PBXGroup;
			children = (
				16CE928754EE15E942996CCE /* DoseCalculator.swift */,
			);
			path = Dose;
			sourceTree = "<group>";
		};
		F73A67591BF9A288FE9E5885 /* Trends */ = {
			isa = PBXGroup;
			children = (
				48E5C9E615FE968E76CD637E /* TrendsView.swift */,
				9A21D6A72AB54A13C5E301CF /* TrendsViewModel.swift */,
			);
			path = Trends;
			sourceTree = "<group>";
		};
		F7EDA7B1FB64D3BC3102FE6C = {
			isa = PBXGroup;
			children = (
				837E050B16265FBB5EA36E68 /* HearingApp */,
				C07DDB1A5AAE410FCFD0F7C3 /* HearingAppTests */,
				229052668179CE90ACFFCFBE /* HearingWidget */,
				E388CC55F837AB00E7C08B3F /* Products */,
			);
			sourceTree = "<group>";
		};
		F90D3525458388379BA35520 /* Services */ = {
			isa = PBXGroup;
			children = (
				EA0715430C56CE42B9728BD6 /* Dose */,
				9C9EEEAECB96BB685E08F6D2 /* HealthKit */,
				6015F84D2A8676DA079CE36B /* Notifications */,
				9047EE4E87D70539CD7FF748 /* Personalization */,
			);
			path = Services;
			sourceTree = "<group>";
		};
/* End PBXGroup section */

/* Begin PBXNativeTarget section */
		7077874BD44BF63F96686F15 /* HearingAppTests */ = {
			isa = PBXNativeTarget;
			buildConfigurationList = 60A80EBB534578CD1ECAFE2D /* Build configuration list for PBXNativeTarget "HearingAppTests" */;
			buildPhases = (
				2060995C807B7C7DAAE207EF /* Sources */,
			);
			buildRules = (
			);
			dependencies = (
				F27C0F628FBD66345A7515C5 /* PBXTargetDependency */,
			);
			name = HearingAppTests;
			packageProductDependencies = (
			);
			productName = HearingAppTests;
			productReference = E3E3B2FAE2B89BEB491A4D36 /* HearingAppTests.xctest */;
			productType = "com.apple.product-type.bundle.unit-test";
		};
		DDD208FD1A324ACC8D796458 /* HearingApp */ = {
			isa = PBXNativeTarget;
			buildConfigurationList = 9AD0D6798F25A5EEBFEF2B90 /* Build configuration list for PBXNativeTarget "HearingApp" */;
			buildPhases = (
				1CCAABA91D7253D5B4D0E078 /* Sources */,
				AEAAE002A3B3723C5CEB9C53 /* Embed Foundation Extensions */,
			);
			buildRules = (
			);
			dependencies = (
				13E7BD251EF807ECF82BEF20 /* PBXTargetDependency */,
			);
			name = HearingApp;
			packageProductDependencies = (
			);
			productName = HearingApp;
			productReference = 3B862465FE4EA7EFF0B43806 /* HearingApp.app */;
			productType = "com.apple.product-type.application";
		};
		E306A70F3768D1D2D505CA90 /* HearingWidget */ = {
			isa = PBXNativeTarget;
			buildConfigurationList = 54FAE3DE7A4834B8BEF0EE3E /* Build configuration list for PBXNativeTarget "HearingWidget" */;
			buildPhases = (
				B232D509E582DCFA9FC0BBF6 /* Sources */,
			);
			buildRules = (
			);
			dependencies = (
			);
			name = HearingWidget;
			packageProductDependencies = (
			);
			productName = HearingWidget;
			productReference = 7231F1D074734C71FB267244 /* HearingWidget.appex */;
			productType = "com.apple.product-type.app-extension";
		};
/* End PBXNativeTarget section */

/* Begin PBXProject section */
		387E2884CB85D631E88A2074 /* Project object */ = {
			isa = PBXProject;
			attributes = {
				BuildIndependentTargetsInParallel = YES;
				LastUpgradeCheck = 1500;
				TargetAttributes = {
					7077874BD44BF63F96686F15 = {
						DevelopmentTeam = "";
						ProvisioningStyle = Automatic;
					};
					DDD208FD1A324ACC8D796458 = {
						ProvisioningStyle = Automatic;
					};
					E306A70F3768D1D2D505CA90 = {
						ProvisioningStyle = Automatic;
					};
				};
			};
			buildConfigurationList = 24645F0CCD8F2E409EC1450F /* Build configuration list for PBXProject "HearingApp" */;
			compatibilityVersion = "Xcode 14.0";
			developmentRegion = en;
			hasScannedForEncodings = 0;
			knownRegions = (
				Base,
				en,
			);
			mainGroup = F7EDA7B1FB64D3BC3102FE6C;
			minimizedProjectReferenceProxies = 1;
			projectDirPath = "";
			projectRoot = "";
			targets = (
				DDD208FD1A324ACC8D796458 /* HearingApp */,
				7077874BD44BF63F96686F15 /* HearingAppTests */,
				E306A70F3768D1D2D505CA90 /* HearingWidget */,
			);
		};
/* End PBXProject section */

/* Begin PBXSourcesBuildPhase section */
		1CCAABA91D7253D5B4D0E078 /* Sources */ = {
			isa = PBXSourcesBuildPhase;
			buildActionMask = 2147483647;
			files = (
				6B091C9EFB559F33E42DB685 /* AccuracyInfoView.swift in Sources */,
				A7FDB557D5454BCCA1725A22 /* ActionableNotificationBuilder.swift in Sources */,
				CD0A5AEB6953DE58AC50C442 /* AlertBanner.swift in Sources */,
				EA285BF5E7B2E58CAA5594ED /* AnimationTokens.swift in Sources */,
				0B7FED6590189AE4DD78E2EC /* AppColors.swift in Sources */,
				5405F7243C3977AE1E206302 /* AppState.swift in Sources */,
				6BB1522FF991EED290BE7DD2 /* AppTypography.swift in Sources */,
				57491489B9A79DDF9A658920 /* ContentView.swift in Sources */,
				F61C40BC671B73CC0EF9E6F0 /* DailyDose.swift in Sources */,
				3C51924C406661D7D7F4391E /* DoseCalculator.swift in Sources */,
				4C520FC757A48AADE9D860C1 /* DoseRingView.swift in Sources */,
				6463B3D60AF759D9A4431067 /* ExposureEvent.swift in Sources */,
				08353FE18F7CBFE9F8464565 /* ExposureProfileView.swift in Sources */,
				2D23A9CD3844D4DD1DE110D2 /* ExposureSample.swift in Sources */,
				451B1C52D7B9CAB4B2E99B9F /* ExposureStatus.swift in Sources */,
				D8692817720C2EBCEF1634B3 /* GlassCard.swift in Sources */,
				3861FA0B56B3156C5AFF895F /* GlassDoseRingView.swift in Sources */,
				0EAAC52D3D7E42CB9F08BA88 /* GradientBackgrounds.swift in Sources */,
				9881389BB29D28C921AE0B0A /* HealthKitService.swift in Sources */,
				4BE77E4C6FD457446465371D /* HealthKitSyncService.swift in Sources */,
				CCBB7C3605D7BB3EFFAD7060 /* HearingAppApp.swift in Sources */,
				4820A222056FEC1E162B973B /* LiveRiskIndicator.swift in Sources */,
				6E6DA034FBB7837F7B31E40A /* NotificationService.swift in Sources */,
				F7EA09DBEABAF3451E4096A8 /* OnboardingView.swift in Sources */,
				BB125422BAE1CF759E3D416C /* PersonalizationService.swift in Sources */,
				87DB2098C52DCA80845B910F /* PersonalizedThreshold.swift in Sources */,
				E860DE434906FE5BC18332CB /* PrivacyDetailView.swift in Sources */,
				CED1021BDB1DFCBD7D499182 /* QuickActionsCard.swift in Sources */,
				30948C282180AC7194A956C6 /* SafeListeningScore.swift in Sources */,
				6CF1179155ABA1A5E37377EB /* SessionSummaryCard.swift in Sources */,
				18E5AE2362FC1EA7588B4DEC /* SettingsView.swift in Sources */,
				18D90F7DC291F0F2EAD07ABB /* SettingsViewModel.swift in Sources */,
				19B5E4F97B2208D8A090E30B /* StatCardView.swift in Sources */,
				0E1F33A1B9B5784E3EFDF7F1 /* StatusChipView.swift in Sources */,
				D3B9E567917CD8870806A7B9 /* SyncState.swift in Sources */,
				861B041ACB0C8DAE0CFD73E8 /* TodayView.swift in Sources */,
				2CDE7D7FE95A5D7B10E29FB1 /* TodayViewModel.swift in Sources */,
				32ABE150DE93F54E40396279 /* TrendsView.swift in Sources */,
				F02B3C6DCB27DDB312559D6E /* TrendsViewModel.swift in Sources */,
				A0E62A2D669DAE56CF673B4C /* UserSettings.swift in Sources */,
				BC1EF6A70F5635BF4C77BB82 /* WeeklyDigest.swift in Sources */,
				347F4446B21E5A60E9A1C554 /* WeeklyDigestScheduler.swift in Sources */,
				1E2C6AA6092F72FDB6072E87 /* WeeklyDigestView.swift in Sources */,
			);
			runOnlyForDeploymentPostprocessing = 0;
		};
		2060995C807B7C7DAAE207EF /* Sources */ = {
			isa = PBXSourcesBuildPhase;
			buildActionMask = 2147483647;
			files = (
				5A89FE16AC724C029810370D /* DoseCalculatorTests.swift in Sources */,
			);
			runOnlyForDeploymentPostprocessing = 0;
		};
		B232D509E582DCFA9FC0BBF6 /* Sources */ = {
			isa = PBXSourcesBuildPhase;
			buildActionMask = 2147483647;
			files = (
				CEACB4A48EFB17C0165C9343 /* DoseRingWidgetView.swift in Sources */,
				4FB070A38FFB583B9DBB8366 /* HearingWidget.swift in Sources */,
				86075FE8892D07B7B784D6B4 /* WidgetTimelineProvider.swift in Sources */,
			);
			runOnlyForDeploymentPostprocessing = 0;
		};
/* End PBXSourcesBuildPhase section */

/* Begin PBXTargetDependency section */
		13E7BD251EF807ECF82BEF20 /* PBXTargetDependency */ = {
			isa = PBXTargetDependency;
			target = E306A70F3768D1D2D505CA90 /* HearingWidget */;
			targetProxy = 391C8B86C01A47945FD71FBF /* PBXContainerItemProxy */;
		};
		F27C0F628FBD66345A7515C5 /* PBXTargetDependency */ = {
			isa = PBXTargetDependency;
			target = DDD208FD1A324ACC8D796458 /* HearingApp */;
			targetProxy = F999E2F8AD9201F598746E94 /* PBXContainerItemProxy */;
		};
/* End PBXTargetDependency section */

/* Begin XCBuildConfiguration section */
		18171760072498B6C0DF6A48 /* Release */ = {
			isa = XCBuildConfiguration;
			buildSettings = {
				BUNDLE_LOADER = "$(TEST_HOST)";
				IPHONEOS_DEPLOYMENT_TARGET = 17.0;
				LD_RUNPATH_SEARCH_PATHS = (
					"$(inherited)",
					"@executable_path/Frameworks",
					"@loader_path/Frameworks",
				);
				PRODUCT_BUNDLE_IDENTIFIER = com.hearingapp.app.tests;
				SDKROOT = iphoneos;
				TARGETED_DEVICE_FAMILY = "1,2";
				TEST_HOST = "$(BUILT_PRODUCTS_DIR)/HearingApp.app/HearingApp";
			};
			name = Release;
		};
		1D41384F7A38271C09BD6CBA /* Release */ = {
			isa = XCBuildConfiguration;
			buildSettings = {
				CODE_SIGN_ENTITLEMENTS = HearingWidget/HearingWidget.entitlements;
				CURRENT_PROJECT_VERSION = 1;
				DEVELOPMENT_TEAM = XUFG4TWAV8;
				INFOPLIST_FILE = HearingWidget/Info.plist;
				IPHONEOS_DEPLOYMENT_TARGET = 17.0;
				LD_RUNPATH_SEARCH_PATHS = (
					"$(inherited)",
					"@executable_path/Frameworks",
					"@executable_path/../../Frameworks",
				);
				MARKETING_VERSION = 1.0;
				PRODUCT_BUNDLE_IDENTIFIER = com.hearingapp.app.widget;
				SDKROOT = iphoneos;
				SWIFT_EMIT_LOC_STRINGS = YES;
				TARGETED_DEVICE_FAMILY = "1,2";
			};
			name = Release;
		};
		233B4A8217A013BAEA27EFD5 /* Debug */ = {
			isa = XCBuildConfiguration;
			buildSettings = {
				CODE_SIGN_ENTITLEMENTS = HearingWidget/HearingWidget.entitlements;
				CURRENT_PROJECT_VERSION = 1;
				DEVELOPMENT_TEAM = XUFG4TWAV8;
				INFOPLIST_FILE = HearingWidget/Info.plist;
				IPHONEOS_DEPLOYMENT_TARGET = 17.0;
				LD_RUNPATH_SEARCH_PATHS = (
					"$(inherited)",
					"@executable_path/Frameworks",
					"@executable_path/../../Frameworks",
				);
				MARKETING_VERSION = 1.0;
				PRODUCT_BUNDLE_IDENTIFIER = com.hearingapp.app.widget;
				SDKROOT = iphoneos;
				SWIFT_EMIT_LOC_STRINGS = YES;
				TARGETED_DEVICE_FAMILY = "1,2";
			};
			name = Debug;
		};
		4ADD631479C8D61F0F4A59A1 /* Debug */ = {
			isa = XCBuildConfiguration;
			buildSettings = {
				ALWAYS_SEARCH_USER_PATHS = NO;
				CLANG_ANALYZER_NONNULL = YES;
				CLANG_ANALYZER_NUMBER_OBJECT_CONVERSION = YES_AGGRESSIVE;
				CLANG_CXX_LANGUAGE_STANDARD = "gnu++14";
				CLANG_CXX_LIBRARY = "libc++";
				CLANG_ENABLE_MODULES = YES;
				CLANG_ENABLE_OBJC_ARC = YES;
				CLANG_ENABLE_OBJC_WEAK = YES;
				CLANG_WARN_BLOCK_CAPTURE_AUTORELEASING = YES;
				CLANG_WARN_BOOL_CONVERSION = YES;
				CLANG_WARN_COMMA = YES;
				CLANG_WARN_CONSTANT_CONVERSION = YES;
				CLANG_WARN_DEPRECATED_OBJC_IMPLEMENTATIONS = YES;
				CLANG_WARN_DIRECT_OBJC_ISA_USAGE = YES_ERROR;
				CLANG_WARN_DOCUMENTATION_COMMENTS = YES;
				CLANG_WARN_EMPTY_BODY = YES;
				CLANG_WARN_ENUM_CONVERSION = YES;
				CLANG_WARN_INFINITE_RECURSION = YES;
				CLANG_WARN_INT_CONVERSION = YES;
				CLANG_WARN_NON_LITERAL_NULL_CONVERSION = YES;
				CLANG_WARN_OBJC_IMPLICIT_RETAIN_SELF = YES;
				CLANG_WARN_OBJC_LITERAL_CONVERSION = YES;
				CLANG_WARN_OBJC_ROOT_CLASS = YES_ERROR;
				CLANG_WARN_QUOTED_INCLUDE_IN_FRAMEWORK_HEADER = YES;
				CLANG_WARN_RANGE_LOOP_ANALYSIS = YES;
				CLANG_WARN_STRICT_PROTOTYPES = YES;
				CLANG_WARN_SUSPICIOUS_MOVE = YES;
				CLANG_WARN_UNGUARDED_AVAILABILITY = YES_AGGRESSIVE;
				CLANG_WARN_UNREACHABLE_CODE = YES;
				CLANG_WARN__DUPLICATE_METHOD_MATCH = YES;
				CODE_SIGN_STYLE = Automatic;
				COPY_PHASE_STRIP = NO;
				CURRENT_PROJECT_VERSION = 1;
				DEBUG_INFORMATION_FORMAT = dwarf;
				DEVELOPMENT_TEAM = "";
				ENABLE_STRICT_OBJC_MSGSEND = YES;
				ENABLE_TESTABILITY = YES;
				GCC_C_LANGUAGE_STANDARD = gnu11;
				GCC_DYNAMIC_NO_PIC = NO;
				GCC_NO_COMMON_BLOCKS = YES;
				GCC_OPTIMIZATION_LEVEL = 0;
				GCC_PREPROCESSOR_DEFINITIONS = (
					"$(inherited)",
					"DEBUG=1",
				);
				GCC_WARN_64_TO_32_BIT_CONVERSION = YES;
				GCC_WARN_ABOUT_RETURN_TYPE = YES_ERROR;
				GCC_WARN_UNDECLARED_SELECTOR = YES;
				GCC_WARN_UNINITIALIZED_AUTOS = YES_AGGRESSIVE;
				GCC_WARN_UNUSED_FUNCTION = YES;
				GCC_WARN_UNUSED_VARIABLE = YES;
				IPHONEOS_DEPLOYMENT_TARGET = 17.0;
				MARKETING_VERSION = 1.0;
				MTL_ENABLE_DEBUG_INFO = INCLUDE_SOURCE;
				MTL_FAST_MATH = YES;
				ONLY_ACTIVE_ARCH = YES;
				PRODUCT_NAME = "$(TARGET_NAME)";
				SDKROOT = iphoneos;
				SWIFT_ACTIVE_COMPILATION_CONDITIONS = DEBUG;
				SWIFT_OPTIMIZATION_LEVEL = "-Onone";
				SWIFT_VERSION = 5.9;
				TARGETED_DEVICE_FAMILY = "1,2";
			};
			name = Debug;
		};
		546C5834DC31EDB40E7D24CC /* Debug */ = {
			isa = XCBuildConfiguration;
			buildSettings = {
				ASSETCATALOG_COMPILER_APPICON_NAME = AppIcon;
				ASSETCATALOG_COMPILER_GLOBAL_ACCENT_COLOR_NAME = AccentColor;
				CODE_SIGN_ENTITLEMENTS = HearingApp/Resources/HearingApp.entitlements;
				CODE_SIGN_IDENTITY = "iPhone Developer";
				DEVELOPMENT_TEAM = XUFG4TWAV8;
				INFOPLIST_FILE = HearingApp/Resources/Info.plist;
				IPHONEOS_DEPLOYMENT_TARGET = 17.0;
				LD_RUNPATH_SEARCH_PATHS = (
					"$(inherited)",
					"@executable_path/Frameworks",
				);
				PRODUCT_BUNDLE_IDENTIFIER = com.hearingapp.app;
				SDKROOT = iphoneos;
				TARGETED_DEVICE_FAMILY = "1,2";
			};
			name = Debug;
		};
		A523A6EC050FF00455FECA0D /* Release */ = {
			isa = XCBuildConfiguration;
			buildSettings = {
				ASSETCATALOG_COMPILER_APPICON_NAME = AppIcon;
				ASSETCATALOG_COMPILER_GLOBAL_ACCENT_COLOR_NAME = AccentColor;
				CODE_SIGN_ENTITLEMENTS = HearingApp/Resources/HearingApp.entitlements;
				CODE_SIGN_IDENTITY = "iPhone Developer";
				DEVELOPMENT_TEAM = XUFG4TWAV8;
				INFOPLIST_FILE = HearingApp/Resources/Info.plist;
				IPHONEOS_DEPLOYMENT_TARGET = 17.0;
				LD_RUNPATH_SEARCH_PATHS = (
					"$(inherited)",
					"@executable_path/Frameworks",
				);
				PRODUCT_BUNDLE_IDENTIFIER = com.hearingapp.app;
				SDKROOT = iphoneos;
				TARGETED_DEVICE_FAMILY = "1,2";
			};
			name = Release;
		};
		A734277A9789A3FCCC79554A /* Release */ = {
			isa = XCBuildConfiguration;
			buildSettings = {
				ALWAYS_SEARCH_USER_PATHS = NO;
				CLANG_ANALYZER_NONNULL = YES;
				CLANG_ANALYZER_NUMBER_OBJECT_CONVERSION = YES_AGGRESSIVE;
				CLANG_CXX_LANGUAGE_STANDARD = "gnu++14";
				CLANG_CXX_LIBRARY = "libc++";
				CLANG_ENABLE_MODULES = YES;
				CLANG_ENABLE_OBJC_ARC = YES;
				CLANG_ENABLE_OBJC_WEAK = YES;
				CLANG_WARN_BLOCK_CAPTURE_AUTORELEASING = YES;
				CLANG_WARN_BOOL_CONVERSION = YES;
				CLANG_WARN_COMMA = YES;
				CLANG_WARN_CONSTANT_CONVERSION = YES;
				CLANG_WARN_DEPRECATED_OBJC_IMPLEMENTATIONS = YES;
				CLANG_WARN_DIRECT_OBJC_ISA_USAGE = YES_ERROR;
				CLANG_WARN_DOCUMENTATION_COMMENTS = YES;
				CLANG_WARN_EMPTY_BODY = YES;
				CLANG_WARN_ENUM_CONVERSION = YES;
				CLANG_WARN_INFINITE_RECURSION = YES;
				CLANG_WARN_INT_CONVERSION = YES;
				CLANG_WARN_NON_LITERAL_NULL_CONVERSION = YES;
				CLANG_WARN_OBJC_IMPLICIT_RETAIN_SELF = YES;
				CLANG_WARN_OBJC_LITERAL_CONVERSION = YES;
				CLANG_WARN_OBJC_ROOT_CLASS = YES_ERROR;
				CLANG_WARN_QUOTED_INCLUDE_IN_FRAMEWORK_HEADER = YES;
				CLANG_WARN_RANGE_LOOP_ANALYSIS = YES;
				CLANG_WARN_STRICT_PROTOTYPES = YES;
				CLANG_WARN_SUSPICIOUS_MOVE = YES;
				CLANG_WARN_UNGUARDED_AVAILABILITY = YES_AGGRESSIVE;
				CLANG_WARN_UNREACHABLE_CODE = YES;
				CLANG_WARN__DUPLICATE_METHOD_MATCH = YES;
				CODE_SIGN_STYLE = Automatic;
				COPY_PHASE_STRIP = NO;
				CURRENT_PROJECT_VERSION = 1;
				DEBUG_INFORMATION_FORMAT = "dwarf-with-dsym";
				DEVELOPMENT_TEAM = "";
				ENABLE_NS_ASSERTIONS = NO;
				ENABLE_STRICT_OBJC_MSGSEND = YES;
				GCC_C_LANGUAGE_STANDARD = gnu11;
				GCC_NO_COMMON_BLOCKS = YES;
				GCC_WARN_64_TO_32_BIT_CONVERSION = YES;
				GCC_WARN_ABOUT_RETURN_TYPE = YES_ERROR;
				GCC_WARN_UNDECLARED_SELECTOR = YES;
				GCC_WARN_UNINITIALIZED_AUTOS = YES_AGGRESSIVE;
				GCC_WARN_UNUSED_FUNCTION = YES;
				GCC_WARN_UNUSED_VARIABLE = YES;
				IPHONEOS_DEPLOYMENT_TARGET = 17.0;
				MARKETING_VERSION = 1.0;
				MTL_ENABLE_DEBUG_INFO = NO;
				MTL_FAST_MATH = YES;
				PRODUCT_NAME = "$(TARGET_NAME)";
				SDKROOT = iphoneos;
				SWIFT_COMPILATION_MODE = wholemodule;
				SWIFT_OPTIMIZATION_LEVEL = "-O";
				SWIFT_VERSION = 5.9;
				TARGETED_DEVICE_FAMILY = "1,2";
			};
			name = Release;
		};
		E5A4E78A88ADE23A52BCBFDD /* Debug */ = {
			isa = XCBuildConfiguration;
			buildSettings = {
				BUNDLE_LOADER = "$(TEST_HOST)";
				IPHONEOS_DEPLOYMENT_TARGET = 17.0;
				LD_RUNPATH_SEARCH_PATHS = (
					"$(inherited)",
					"@executable_path/Frameworks",
					"@loader_path/Frameworks",
				);
				PRODUCT_BUNDLE_IDENTIFIER = com.hearingapp.app.tests;
				SDKROOT = iphoneos;
				TARGETED_DEVICE_FAMILY = "1,2";
				TEST_HOST = "$(BUILT_PRODUCTS_DIR)/HearingApp.app/HearingApp";
			};
			name = Debug;
		};
/* End XCBuildConfiguration section */

/* Begin XCConfigurationList section */
		24645F0CCD8F2E409EC1450F /* Build configuration list for PBXProject "HearingApp" */ = {
			isa = XCConfigurationList;
			buildConfigurations = (
				4ADD631479C8D61F0F4A59A1 /* Debug */,
				A734277A9789A3FCCC79554A /* Release */,
			);
			defaultConfigurationIsVisible = 0;
			defaultConfigurationName = Debug;
		};
		54FAE3DE7A4834B8BEF0EE3E /* Build configuration list for PBXNativeTarget "HearingWidget" */ = {
			isa = XCConfigurationList;
			buildConfigurations = (
				233B4A8217A013BAEA27EFD5 /* Debug */,
				1D41384F7A38271C09BD6CBA /* Release */,
			);
			defaultConfigurationIsVisible = 0;
			defaultConfigurationName = Debug;
		};
		60A80EBB534578CD1ECAFE2D /* Build configuration list for PBXNativeTarget "HearingAppTests" */ = {
			isa = XCConfigurationList;
			buildConfigurations = (
				E5A4E78A88ADE23A52BCBFDD /* Debug */,
				18171760072498B6C0DF6A48 /* Release */,
			);
			defaultConfigurationIsVisible = 0;
			defaultConfigurationName = Debug;
		};
		9AD0D6798F25A5EEBFEF2B90 /* Build configuration list for PBXNativeTarget "HearingApp" */ = {
			isa = XCConfigurationList;
			buildConfigurations = (
				546C5834DC31EDB40E7D24CC /* Debug */,
				A523A6EC050FF00455FECA0D /* Release */,
			);
			defaultConfigurationIsVisible = 0;
			defaultConfigurationName = Debug;
		};
/* End XCConfigurationList section */
	};
	rootObject = 387E2884CB85D631E88A2074 /* Project object */;
}
